
Microsoft Visual Studio Solution File, Format Version 12.00
# Visual Studio 15
Project("{FAE04EC0-301F-11D3-BF4B-00C04F79EFBC}") = "MockGPC.Android", "MockGPC.Android\MockGPC.Android.csproj", "{72C2C041-CEE5-40B6-B610-F3402F0C2F2B}"
EndProject
Project("{FAE04EC0-301F-11D3-BF4B-00C04F79EFBC}") = "MockGPC.iOS", "MockGPC.iOS\MockGPC.iOS.csproj", "{E7E57210-A9B9-45A6-A060-80BBD45D346D}"
EndProject
Project("{FAE04EC0-301F-11D3-BF4B-00C04F79EFBC}") = "MockGPC", "MockGPC\MockGPC.csproj", "{5BB8D0E4-8B2D-4187-AE65-EC7F38F8976C}"
EndProject
Global
	GlobalSection(SolutionConfigurationPlatforms) = preSolution
		Debug|Any CPU = Debug|Any CPU
		Release|Any CPU = Release|Any CPU
		Debug|iPhoneSimulator = Debug|iPhoneSimulator
		Release|iPhoneSimulator = Release|iPhoneSimulator
		Debug|iPhone = Debug|iPhone
		Release|iPhone = Release|iPhone
	EndGlobalSection
	GlobalSection(ProjectConfigurationPlatforms) = postSolution
		{72C2C041-CEE5-40B6-B610-F3402F0C2F2B}.Debug|Any CPU.ActiveCfg = Debug|Any CPU
		{72C2C041-CEE5-40B6-B610-F3402F0C2F2B}.Debug|Any CPU.Build.0 = Debug|Any CPU
		{72C2C041-CEE5-40B6-B610-F3402F0C2F2B}.Release|Any CPU.ActiveCfg = Release|Any CPU
		{72C2C041-CEE5-40B6-B610-F3402F0C2F2B}.Release|Any CPU.Build.0 = Release|Any CPU
		{72C2C041-CEE5-40B6-B610-F3402F0C2F2B}.Debug|iPhoneSimulator.ActiveCfg = Debug|Any CPU
		{72C2C041-CEE5-40B6-B610-F3402F0C2F2B}.Debug|iPhoneSimulator.Build.0 = Debug|Any CPU
		{72C2C041-CEE5-40B6-B610-F3402F0C2F2B}.Release|iPhoneSimulator.ActiveCfg = Release|Any CPU
		{72C2C041-CEE5-40B6-B610-F3402F0C2F2B}.Release|iPhoneSimulator.Build.0 = Release|Any CPU
		{72C2C041-CEE5-40B6-B610-F3402F0C2F2B}.Debug|iPhone.ActiveCfg = Debug|Any CPU
		{72C2C041-CEE5-40B6-B610-F3402F0C2F2B}.Debug|iPhone.Build.0 = Debug|Any CPU
		{72C2C041-CEE5-40B6-B610-F3402F0C2F2B}.Release|iPhone.ActiveCfg = Release|Any CPU
		{72C2C041-CEE5-40B6-B610-F3402F0C2F2B}.Release|iPhone.Build.0 = Release|Any CPU
		{E7E57210-A9B9-45A6-A060-80BBD45D346D}.Debug|Any CPU.ActiveCfg = Debug|iPhoneSimulator
		{E7E57210-A9B9-45A6-A060-80BBD45D346D}.Debug|Any CPU.Build.0 = Debug|iPhoneSimulator
		{E7E57210-A9B9-45A6-A060-80BBD45D346D}.Release|Any CPU.ActiveCfg = Release|iPhoneSimulator
		{E7E57210-A9B9-45A6-A060-80BBD45D346D}.Release|Any CPU.Build.0 = Release|iPhoneSimulator
		{E7E57210-A9B9-45A6-A060-80BBD45D346D}.Debug|iPhoneSimulator.ActiveCfg = Debug|iPhoneSimulator
		{E7E57210-A9B9-45A6-A060-80BBD45D346D}.Debug|iPhoneSimulator.Build.0 = Debug|iPhoneSimulator
		{E7E57210-A9B9-45A6-A060-80BBD45D346D}.Release|iPhoneSimulator.ActiveCfg = Release|iPhoneSimulator
		{E7E57210-A9B9-45A6-A060-80BBD45D346D}.Release|iPhoneSimulator.Build.0 = Release|iPhoneSimulator
		{E7E57210-A9B9-45A6-A060-80BBD45D346D}.Debug|iPhone.ActiveCfg = Debug|iPhone
		{E7E57210-A9B9-45A6-A060-80BBD45D346D}.Debug|iPhone.Build.0 = Debug|iPhone
		{E7E57210-A9B9-45A6-A060-80BBD45D346D}.Release|iPhone.ActiveCfg = Release|iPhone
		{E7E57210-A9B9-45A6-A060-80BBD45D346D}.Release|iPhone.Build.0 = Release|iPhone
		{5BB8D0E4-8B2D-4187-AE65-EC7F38F8976C}.Debug|Any CPU.ActiveCfg = Debug|Any CPU
		{5BB8D0E4-8B2D-4187-AE65-EC7F38F8976C}.Debug|Any CPU.Build.0 = Debug|Any CPU
		{5BB8D0E4-8B2D-4187-AE65-EC7F38F8976C}.Release|Any CPU.ActiveCfg = Release|Any CPU
		{5BB8D0E4-8B2D-4187-AE65-EC7F38F8976C}.Release|Any CPU.Build.0 = Release|Any CPU
		{5BB8D0E4-8B2D-4187-AE65-EC7F38F8976C}.Debug|iPhoneSimulator.ActiveCfg = Debug|Any CPU
		{5BB8D0E4-8B2D-4187-AE65-EC7F38F8976C}.Debug|iPhoneSimulator.Build.0 = Debug|Any CPU
		{5BB8D0E4-8B2D-4187-AE65-EC7F38F8976C}.Release|iPhoneSimulator.ActiveCfg = Release|Any CPU
		{5BB8D0E4-8B2D-4187-AE65-EC7F38F8976C}.Release|iPhoneSimulator.Build.0 = Release|Any CPU
		{5BB8D0E4-8B2D-4187-AE65-EC7F38F8976C}.Debug|iPhone.ActiveCfg = Debug|Any CPU
		{5BB8D0E4-8B2D-4187-AE65-EC7F38F8976C}.Debug|iPhone.Build.0 = Debug|Any CPU
		{5BB8D0E4-8B2D-4187-AE65-EC7F38F8976C}.Release|iPhone.ActiveCfg = Release|Any CPU
		{5BB8D0E4-8B2D-4187-AE65-EC7F38F8976C}.Release|iPhone.Build.0 = Release|Any CPU
	EndGlobalSection
EndGlobal
